# This file was autogenerated by Stack.
# You should not edit this file by hand.
# For more information, please see the documentation at:
#   https://docs.haskellstack.org/en/stable/lock_files

packages:
- completed:
    hackage: hsqml-0.3.5.0@sha256:34429d165f0c52bd055c7bc8f057879aecb90dc93fba4ce21cac065f4b3c3ab9,4838
    pantry-tree:
      size: 3214
      sha256: 9564b6fbedfe8f1fad24b37c191183fa417812a66e9e03f223490fb7a4bf32da
  original:
    hackage: hsqml-0.3.5.0
snapshots:
- completed:
    size: 535260
    url: https://raw.githubusercontent.com/commercialhaskell/stackage-snapshots/master/lts/9/9.yaml
    sha256: 19713287614a8a7567eae3ab5da11fde0ff68ff0e0ab49fc42ce582a00b7ad73
  original: lts-9.9
